// !$*UTF8*$!
{
	archiveVersion = 1;
	classes = {
	};
	objectVersion = 46;
	objects = {

/* Begin PBXBuildFile section */
		1765EA0C1ECF1FE100FD9360 /* AppDelegate.swift in Sources */ = {isa = PBXBuildFile; fileRef = 1765EA0B1ECF1FE100FD9360 /* AppDelegate.swift */; };
		1765EA0E1ECF1FE100FD9360 /* ViewController.swift in Sources */ = {isa = PBXBuildFile; fileRef = 1765EA0D1ECF1FE100FD9360 /* ViewController.swift */; };
		1765EA111ECF1FE100FD9360 /* Main.storyboard in Resources */ = {isa = PBXBuildFile; fileRef = 1765EA0F1ECF1FE100FD9360 /* Main.storyboard */; };
		1765EA131ECF1FE100FD9360 /* Assets.xcassets in Resources */ = {isa = PBXBuildFile; fileRef = 1765EA121ECF1FE100FD9360 /* Assets.xcassets */; };
		1765EA161ECF1FE100FD9360 /* LaunchScreen.storyboard in Resources */ = {isa = PBXBuildFile; fileRef = 1765EA141ECF1FE100FD9360 /* LaunchScreen.storyboard */; };
/* End PBXBuildFile section */

/* Begin PBXFileReference section */
		1765EA081ECF1FE100FD9360 /* Redux-Sample.app */ = {isa = PBXFileReference; explicitFileType = wrapper.application; includeInIndex = 0; path = "Redux-Sample.app"; sourceTree = BUILT_PRODUCTS_DIR; };
		1765EA0B1ECF1FE100FD9360 /* AppDelegate.swift */ = {isa = PBXFileReference; lastKnownFileType = sourcecode.swift; path = AppDelegate.swift; sourceTree = "<group>"; };
		1765EA0D1ECF1FE100FD9360 /* ViewController.swift */ = {isa = PBXFileReference; lastKnownFileType = sourcecode.swift; path = ViewController.swift; sourceTree = "<group>"; };
		1765EA101ECF1FE100FD9360 /* Base */ = {isa = PBXFileReference; lastKnownFileType = file.storyboard; name = Base; path = Base.lproj/Main.storyboard; sourceTree = "<group>"; };
		1765EA121ECF1FE100FD9360 /* Assets.xcassets */ = {isa = PBXFileReference; lastKnownFileType = folder.assetcatalog; path = Assets.xcassets; sourceTree = "<group>"; };
		1765EA151ECF1FE100FD9360 /* Base */ = {isa = PBXFileReference; lastKnownFileType = file.storyboard; name = Base; path = Base.lproj/LaunchScreen.storyboard; sourceTree = "<group>"; };
		1765EA171ECF1FE100FD9360 /* Info.plist */ = {isa = PBXFileReference; lastKnownFileType = text.plist.xml; path = Info.plist; sourceTree = "<group>"; };
/* End PBXFileReference section */

/* Begin PBXFrameworksBuildPhase section */
		1765EA051ECF1FE100FD9360 /* Frameworks */ = {
			isa = PBXFrameworksBuildPhase;
			buildActionMask = 2147483647;
			files = (
			);
			runOnlyForDeploymentPostprocessing = 0;
		};
/* End PBXFrameworksBuildPhase section */

/* Begin PBXGroup section */
		1765E9FF1ECF1FE100FD9360 = {
			isa = PBXGroup;
			children = (
				1765EA0A1ECF1FE100FD9360 /* Redux-Sample */,
				1765EA091ECF1FE100FD9360 /* Products */,
			);
			sourceTree = "<group>";
		};
		1765EA091ECF1FE100FD9360 /* Products */ = {
			isa = PBXGroup;
			children = (
				1765EA081ECF1FE100FD9360 /* Redux-Sample.app */,
			);
			name = Products;
			sourceTree = "<group>";
		};
		1765EA0A1ECF1FE100FD9360 /* Redux-Sample */ = {
			isa = PBXGroup;
			children = (
				1765EA0B1ECF1FE100FD9360 /* AppDelegate.swift */,
				1765EA0D1ECF1FE100FD9360 /* ViewController.swift */,
				1765EA0F1ECF1FE100FD9360 /* Main.storyboard */,
				1765EA121ECF1FE100FD9360 /* Assets.xcassets */,
				1765EA141ECF1FE100FD9360 /* LaunchScreen.storyboard */,
				1765EA171ECF1FE100FD9360 /* Info.plist */,
			);
			path = "Redux-Sample";
			sourceTree = "<group>";
		};
/* End PBXGroup section */

/* Begin PBXNativeTarget section */
		1765EA071ECF1FE100FD9360 /* Redux-Sample */ = {
			isa = PBXNativeTarget;
			buildConfigurationList = 1765EA1A1ECF1FE100FD9360 /* Build configuration list for PBXNativeTarget "Redux-Sample" */;
			buildPhases = (
				1765EA041ECF1FE100FD9360 /* Sources */,
				1765EA051ECF1FE100FD9360 /* Frameworks */,
				1765EA061ECF1FE100FD9360 /* Resources */,
			);
			buildRules = (
			);
			dependencies = (
			);
			name = "Redux-Sample";
			productName = "Redux-Sample";
			productReference = 1765EA081ECF1FE100FD9360 /* Redux-Sample.app */;
			productType = "com.apple.product-type.application";
		};
/* End PBXNativeTarget section */

/* Begin PBXProject section */
		1765EA001ECF1FE100FD9360 /* Project object */ = {
			isa = PBXProject;
			attributes = {
				LastSwiftUpdateCheck = 0830;
				LastUpgradeCheck = 0830;
				ORGANIZATIONNAME = takuyaohsawa;
				TargetAttributes = {
					1765EA071ECF1FE100FD9360 = {
						CreatedOnToolsVersion = 8.3.2;
						DevelopmentTeam = P4GR5U4Y4Q;
						ProvisioningStyle = Automatic;
					};
				};
			};
			buildConfigurationList = 1765EA031ECF1FE100FD9360 /* Build configuration list for PBXProject "Redux-Sample" */;
			compatibilityVersion = "Xcode 3.2";
			developmentRegion = English;
			hasScannedForEncodings = 0;
			knownRegions = (
				en,
				Base,
			);
			mainGroup = 1765E9FF1ECF1FE100FD9360;
			productRefGroup = 1765EA091ECF1FE100FD9360 /* Products */;
			projectDirPath = "";
			projectRoot = "";
			targets = (
				1765EA071ECF1FE100FD9360 /* Redux-Sample */,
			);
		};
/* End PBXProject section */

/* Begin PBXResourcesBuildPhase section */
		1765EA061ECF1FE100FD9360 /* Resources */ = {
			isa = PBXResourcesBuildPhase;
			buildActionMask = 2147483647;
			files = (
				1765EA161ECF1FE100FD9360 /* LaunchScreen.storyboard in Resources */,
				1765EA131ECF1FE100FD9360 /* Assets.xcassets in Resources */,
				1765EA111ECF1FE100FD9360 /* Main.storyboard in Resources */,
			);
			runOnlyForDeploymentPostprocessing = 0;
		};
/* End PBXResourcesBuildPhase section */

/* Begin PBXSourcesBuildPhase section */
		1765EA041ECF1FE100FD9360 /* Sources */ = {
			isa = PBXSourcesBuildPhase;
			buildActionMask = 2147483647;
			files = (
				1765EA0E1ECF1FE100FD9360 /* ViewController.swift in Sources */,
				1765EA0C1ECF1FE100FD9360 /* AppDelegate.swift in Sources */,
			);
			runOnlyForDeploymentPostprocessing = 0;
		};
/* End PBXSourcesBuildPhase section */

/* Begin PBXVariantGroup section */
		1765EA0F1ECF1FE100FD9360 /* Main.storyboard */ = {
			isa = PBXVariantGroup;
			children = (
				1765EA101ECF1FE100FD9360 /* Base */,
			);
			name = Main.storyboard;
			sourceTree = "<group>";
		};
		1765EA141ECF1FE100FD9360 /* LaunchScreen.storyboard */ = {
			isa = PBXVariantGroup;
			children = (
				1765EA151ECF1FE100FD9360 /* Base */,
			);
			name = LaunchScreen.storyboard;
			sourceTree = "<group>";
		};
/* End PBXVariantGroup section */

/* Begin XCBuildConfiguration section */
		1765EA181ECF1FE100FD9360 /* Debug */ = {
			isa = XCBuildConfiguration;
			buildSettings = {
				ALWAYS_SEARCH_USER_PATHS = NO;
				CLANG_ANALYZER_NONNULL = YES;
				CLANG_ANALYZER_NUMBER_OBJECT_CONVERSION = YES_AGGRESSIVE;
				CLANG_CXX_LANGUAGE_STANDARD = "gnu++0x";
				CLANG_CXX_LIBRARY = "libc++";
				CLANG_ENABLE_MODULES = YES;
				CLANG_ENABLE_OBJC_ARC = YES;
				CLANG_WARN_BOOL_CONVERSION = YES;
				CLANG_WARN_CONSTANT_CONVERSION = YES;
				CLANG_WARN_DIRECT_OBJC_ISA_USAGE = YES_ERROR;
				CLANG_WARN_DOCUMENTATION_COMMENTS = YES;
				CLANG_WARN_EMPTY_BODY = YES;
				CLANG_WARN_ENUM_CONVERSION = YES;
				CLANG_WARN_INFINITE_RECURSION = YES;
				CLANG_WARN_INT_CONVERSION = YES;
				CLANG_WARN_OBJC_ROOT_CLASS = YES_ERROR;
				CLANG_WARN_SUSPICIOUS_MOVE = YES;
				CLANG_WARN_UNREACHABLE_CODE = YES;
				CLANG_WARN__DUPLICATE_METHOD_MATCH = YES;
				"CODE_SIGN_IDENTITY[sdk=iphoneos*]" = "iPhone Developer";
				COPY_PHASE_STRIP = NO;
				DEBUG_INFORMATION_FORMAT = dwarf;
				ENABLE_STRICT_OBJC_MSGSEND = YES;
				ENABLE_TESTABILITY = YES;
				GCC_C_LANGUAGE_STANDARD = gnu99;
				GCC_DYNAMIC_NO_PIC = NO;
				GCC_NO_COMMON_BLOCKS = YES;
				GCC_OPTIMIZATION_LEVEL = 0;
				GCC_PREPROCESSOR_DEFINITIONS = (
					"DEBUG=1",
					"$(inherited)",
				);
				GCC_WARN_64_TO_32_BIT_CONVERSION = YES;
				GCC_WARN_ABOUT_RETURN_TYPE = YES_ERROR;
				GCC_WARN_UNDECLARED_SELECTOR = YES;
				GCC_WARN_UNINITIALIZED_AUTOS = YES_AGGRESSIVE;
				GCC_WARN_UNUSED_FUNCTION = YES;
				GCC_WARN_UNUSED_VARIABLE = YES;
				IPHONEOS_DEPLOYMENT_TARGET = 10.3;
				MTL_ENABLE_DEBUG_INFO = YES;
				ONLY_ACTIVE_ARCH = YES;
				SDKROOT = iphoneos;
				SWIFT_ACTIVE_COMPILATION_CONDITIONS = DEBUG;
				SWIFT_OPTIMIZATION_LEVEL = "-Onone";
			};
			name = Debug;
		};
		1765EA191ECF1FE100FD9360 /* Release */ = {
			isa = XCBuildConfiguration;
			buildSettings = {
				ALWAYS_SEARCH_USER_PATHS = NO;
				CLANG_ANALYZER_NONNULL = YES;
				CLANG_ANALYZER_NUMBER_OBJECT_CONVERSION = YES_AGGRESSIVE;
				CLANG_CXX_LANGUAGE_STANDARD = "gnu++0x";
				CLANG_CXX_LIBRARY = "libc++";
				CLANG_ENABLE_MODULES = YES;
				CLANG_ENABLE_OBJC_ARC = YES;
				CLANG_WARN_BOOL_CONVERSION = YES;
				CLANG_WARN_CONSTANT_CONVERSION = YES;
				CLANG_WARN_DIRECT_OBJC_ISA_USAGE = YES_ERROR;
				CLANG_WARN_DOCUMENTATION_COMMENTS = YES;
				CLANG_WARN_EMPTY_BODY = YES;
				CLANG_WARN_ENUM_CONVERSION = YES;
				CLANG_WARN_INFINITE_RECURSION = YES;
				CLANG_WARN_INT_CONVERSION = YES;
				CLANG_WARN_OBJC_ROOT_CLASS = YES_ERROR;
				CLANG_WARN_SUSPICIOUS_MOVE = YES;
				CLANG_WARN_UNREACHABLE_CODE = YES;
				CLANG_WARN__DUPLICATE_METHOD_MATCH = YES;
				"CODE_SIGN_IDENTITY[sdk=iphoneos*]" = "iPhone Developer";
				COPY_PHASE_STRIP = NO;
				DEBUG_INFORMATION_FORMAT = "dwarf-with-dsym";
				ENABLE_NS_ASSERTIONS = NO;
				ENABLE_STRICT_OBJC_MSGSEND = YES;
				GCC_C_LANGUAGE_STANDARD = gnu99;
				GCC_NO_COMMON_BLOCKS = YES;
				GCC_WARN_64_TO_32_BIT_CONVERSION = YES;
				GCC_WARN_ABOUT_RETURN_TYPE = YES_ERROR;
				GCC_WARN_UNDECLARED_SELECTOR = YES;
				GCC_WARN_UNINITIALIZED_AUTOS = YES_AGGRESSIVE;
				GCC_WARN_UNUSED_FUNCTION = YES;
				GCC_WARN_UNUSED_VARIABLE = YES;
				IPHONEOS_DEPLOYMENT_TARGET = 10.3;
				MTL_ENABLE_DEBUG_INFO = NO;
				SDKROOT = iphoneos;
				SWIFT_OPTIMIZATION_LEVEL = "-Owholemodule";
				VALIDATE_PRODUCT = YES;
			};
			name = Release;
		};
		1765EA1B1ECF1FE100FD9360 /* Debug */ = {
			isa = XCBuildConfiguration;
			buildSettings = {
				ASSETCATALOG_COMPILER_APPICON_NAME = AppIcon;
				DEVELOPMENT_TEAM = P4GR5U4Y4Q;
				INFOPLIST_FILE = "Redux-Sample/Info.plist";
				LD_RUNPATH_SEARCH_PATHS = "$(inherited) @executable_path/Frameworks";
				PRODUCT_BUNDLE_IDENTIFIER = "com.takuchantuyoshi.Redux-Sample";
				PRODUCT_NAME = "$(TARGET_NAME)";
				SWIFT_VERSION = 3.0;
			};
			name = Debug;
		};
		1765EA1C1ECF1FE100FD9360 /* Release */ = {
			isa = XCBuildConfiguration;
			buildSettings = {
				ASSETCATALOG_COMPILER_APPICON_NAME = AppIcon;
				DEVELOPMENT_TEAM = P4GR5U4Y4Q;
				INFOPLIST_FILE = "Redux-Sample/Info.plist";
				LD_RUNPATH_SEARCH_PATHS = "$(inherited) @executable_path/Frameworks";
				PRODUCT_BUNDLE_IDENTIFIER = "com.takuchantuyoshi.Redux-Sample";
				PRODUCT_NAME = "$(TARGET_NAME)";
				SWIFT_VERSION = 3.0;
			};
			name = Release;
		};
/* End XCBuildConfiguration section */

/* Begin XCConfigurationList section */
		1765EA031ECF1FE100FD9360 /* Build configuration list for PBXProject "Redux-Sample" */ = {
			isa = XCConfigurationList;
			buildConfigurations = (
				1765EA181ECF1FE100FD9360 /* Debug */,
				1765EA191ECF1FE100FD9360 /* Release */,
			);
			defaultConfigurationIsVisible = 0;
			defaultConfigurationName = Release;
		};
		1765EA1A1ECF1FE100FD9360 /* Build configuration list for PBXNativeTarget "Redux-Sample" */ = {
			isa = XCConfigurationList;
			buildConfigurations = (
				1765EA1B1ECF1FE100FD9360 /* Debug */,
				1765EA1C1ECF1FE100FD9360 /* Release */,
			);
			defaultConfigurationIsVisible = 0;
		};
/* End XCConfigurationList section */
	};
	rootObject = 1765EA001ECF1FE100FD9360 /* Project object */;
}
